
Microsoft Visual Studio Solution File, Format Version 12.00
# Visual Studio Version 16
VisualStudioVersion = 16.0.30114.105
MinimumVisualStudioVersion = 10.0.40219.1
Project("{FAE04EC0-301F-11D3-BF4B-00C04F79EFBC}") = "DeliverrChallenge", "DeliverrChallenge.csproj", "{0AE35E1F-9D8A-46E3-80F0-2B92411D47A1}"
EndProject
Project("{FAE04EC0-301F-11D3-BF4B-00C04F79EFBC}") = "DeliverAllocationUnitTest", "DeliverAllocationUnitTest\DeliverAllocationUnitTest.csproj", "{DD01583F-9874-4CFC-8BB1-372DC5C3372F}"
EndProject
Global
	GlobalSection(SolutionConfigurationPlatforms) = preSolution
		Debug|Any CPU = Debug|Any CPU
		Release|Any CPU = Release|Any CPU
	EndGlobalSection
	GlobalSection(ProjectConfigurationPlatforms) = postSolution
		{0AE35E1F-9D8A-46E3-80F0-2B92411D47A1}.Debug|Any CPU.ActiveCfg = Debug|Any CPU
		{0AE35E1F-9D8A-46E3-80F0-2B92411D47A1}.Debug|Any CPU.Build.0 = Debug|Any CPU
		{0AE35E1F-9D8A-46E3-80F0-2B92411D47A1}.Release|Any CPU.ActiveCfg = Release|Any CPU
		{0AE35E1F-9D8A-46E3-80F0-2B92411D47A1}.Release|Any CPU.Build.0 = Release|Any CPU
		{DD01583F-9874-4CFC-8BB1-372DC5C3372F}.Debug|Any CPU.ActiveCfg = Debug|Any CPU
		{DD01583F-9874-4CFC-8BB1-372DC5C3372F}.Debug|Any CPU.Build.0 = Debug|Any CPU
		{DD01583F-9874-4CFC-8BB1-372DC5C3372F}.Release|Any CPU.ActiveCfg = Release|Any CPU
		{DD01583F-9874-4CFC-8BB1-372DC5C3372F}.Release|Any CPU.Build.0 = Release|Any CPU
	EndGlobalSection
	GlobalSection(SolutionProperties) = preSolution
		HideSolutionNode = FALSE
	EndGlobalSection
	GlobalSection(ExtensibilityGlobals) = postSolution
		SolutionGuid = {18A02935-DDC6-4D72-B76A-363CB1173FD0}
	EndGlobalSection
EndGlobal
